
Microsoft Visual Studio Solution File, Format Version 12.00
# Visual Studio Version 17
VisualStudioVersion = 17.2.32630.192
MinimumVisualStudioVersion = 10.0.40219.1
Project("{FAE04EC0-301F-11D3-BF4B-00C04F79EFBC}") = "Movie", "Movie\Movie.csproj", "{EF04A77C-978E-483F-AD6C-421E3A9F1BD1}"
EndProject
Global
	GlobalSection(SolutionConfigurationPlatforms) = preSolution
		Debug|Any CPU = Debug|Any CPU
		Release|Any CPU = Release|Any CPU
	EndGlobalSection
	GlobalSection(ProjectConfigurationPlatforms) = postSolution
		{EF04A77C-978E-483F-AD6C-421E3A9F1BD1}.Debug|Any CPU.ActiveCfg = Debug|Any CPU
		{EF04A77C-978E-483F-AD6C-421E3A9F1BD1}.Debug|Any CPU.Build.0 = Debug|Any CPU
		{EF04A77C-978E-483F-AD6C-421E3A9F1BD1}.Release|Any CPU.ActiveCfg = Release|Any CPU
		{EF04A77C-978E-483F-AD6C-421E3A9F1BD1}.Release|Any CPU.Build.0 = Release|Any CPU
	EndGlobalSection
	GlobalSection(SolutionProperties) = preSolution
		HideSolutionNode = FALSE
	EndGlobalSection
	GlobalSection(ExtensibilityGlobals) = postSolution
		SolutionGuid = {94CFBC1C-F264-4490-A22A-8B517A5423FB}
	EndGlobalSection
EndGlobal
